
Microsoft Visual Studio Solution File, Format Version 12.00
# Visual Studio Version 16
VisualStudioVersion = 16.0.30621.155
MinimumVisualStudioVersion = 10.0.40219.1
Project("{FAE04EC0-301F-11D3-BF4B-00C04F79EFBC}") = "Test", "Test\Test.csproj", "{A9970249-0753-439F-B324-0935EDB2B100}"
EndProject
Global
	GlobalSection(SolutionConfigurationPlatforms) = preSolution
		Debug|Any CPU = Debug|Any CPU
		Release|Any CPU = Release|Any CPU
	EndGlobalSection
	GlobalSection(ProjectConfigurationPlatforms) = postSolution
		{A9970249-0753-439F-B324-0935EDB2B100}.Debug|Any CPU.ActiveCfg = Debug|Any CPU
		{A9970249-0753-439F-B324-0935EDB2B100}.Debug|Any CPU.Build.0 = Debug|Any CPU
		{A9970249-0753-439F-B324-0935EDB2B100}.Release|Any CPU.ActiveCfg = Release|Any CPU
		{A9970249-0753-439F-B324-0935EDB2B100}.Release|Any CPU.Build.0 = Release|Any CPU
	EndGlobalSection
	GlobalSection(SolutionProperties) = preSolution
		HideSolutionNode = FALSE
	EndGlobalSection
	GlobalSection(ExtensibilityGlobals) = postSolution
		SolutionGuid = {A70725C6-5371-4E5C-A5EE-5A040AD50689}
	EndGlobalSection
EndGlobal
